{
  "version": "5",
  "redirects": {
    "https://esm.sh/@google/genai": "https://esm.sh/@google/genai@1.40.0"
  },
  "remote": {
    "https://esm.sh/@google/genai@1.40.0": "8a08f5cc4dc8708260cc3fac5a4b938991f3f6f1c10250d11a2bbfb36fcd3685",
    "https://esm.sh/@google/genai@1.40.0/denonext/genai.mjs": "f0d8b393900caeacf8df8322a2cfb962445256bab3f620cce4dc1189434b6a81"
  },
  "workspace": {
    "packageJson": {
      "dependencies": [
        "npm:@eslint/js@^9.17.0",
        "npm:@google/generative-ai@~0.24.1",
        "npm:@hookform/resolvers@^3.9.0",
        "npm:@radix-ui/react-slot@^1.2.4",
        "npm:@supabase/supabase-js@^2.95.3",
        "npm:@tanstack/react-query-devtools@^5.91.3",
        "npm:@tanstack/react-query@^5.90.20",
        "npm:@testing-library/dom@^10.4.1",
        "npm:@testing-library/jest-dom@^6.9.1",
        "npm:@testing-library/react@^16.3.2",
        "npm:@types/node@^22.10.2",
        "npm:@types/react-dom@^18.3.5",
        "npm:@types/react@^18.3.17",
        "npm:@vitejs/plugin-react@^4.3.4",
        "npm:autoprefixer@^10.4.20",
        "npm:class-variance-authority@~0.7.1",
        "npm:clsx@^2.1.1",
        "npm:date-fns@^4.1.0",
        "npm:eslint-plugin-react-hooks@5",
        "npm:eslint-plugin-react-refresh@~0.4.16",
        "npm:eslint@^9.17.0",
        "npm:framer-motion@^12.33.0",
        "npm:globals@^15.14.0",
        "npm:jsdom@28",
        "npm:jspdf-autotable@^5.0.7",
        "npm:jspdf@^4.1.0",
        "npm:lucide-react@0.563",
        "npm:postcss@^8.4.49",
        "npm:prettier-plugin-tailwindcss@~0.6.9",
        "npm:prettier@^3.4.2",
        "npm:react-dom@^18.3.1",
        "npm:react-hook-form@^7.54.2",
        "npm:react-router-dom@^7.13.0",
        "npm:react@^18.3.1",
        "npm:sonner@^2.0.7",
        "npm:supabase@^2.76.5",
        "npm:tailwind-merge@^3.4.0",
        "npm:tailwindcss-animate@^1.0.7",
        "npm:tailwindcss@^3.4.17",
        "npm:typescript-eslint@^8.18.1",
        "npm:typescript@^5.6.2",
        "npm:vite-tsconfig-paths@^5.1.4",
        "npm:vite@^6.0.2",
        "npm:vitest@^4.0.18",
        "npm:zod@^3.24.1",
        "npm:zustand@^5.0.11"
      ]
    }
  }
}
